
Microsoft Visual Studio Solution File, Format Version 12.00
# Visual Studio Version 17
VisualStudioVersion = 17.0.32014.148
MinimumVisualStudioVersion = 10.0.40219.1
Project("{2150E333-8FDC-42A3-9474-1A3956D46DE8}") = "00_build", "00_build", "{EA2E0FFC-D6E5-4AE2-9C4A-4253ACA053F3}"
	ProjectSection(SolutionItems) = preProject
		02_src\Directory.Build.props = 02_src\Directory.Build.props
		01_modules\module.build.targets = 01_modules\module.build.targets
		Nuget.Config = Nuget.Config
	EndProjectSection
EndProject
Project("{2150E333-8FDC-42A3-9474-1A3956D46DE8}") = "01_modules", "01_modules", "{F03172E7-4AF8-4500-93FC-3E7CD44F7901}"
EndProject
Project("{2150E333-8FDC-42A3-9474-1A3956D46DE8}") = "02_src", "02_src", "{601F2FB5-2D15-411B-91C9-4CF76743895C}"
EndProject
Project("{2150E333-8FDC-42A3-9474-1A3956D46DE8}") = "03_server", "03_server", "{756DC693-CB85-4714-8A84-EB915E4AD630}"
EndProject
Project("{2150E333-8FDC-42A3-9474-1A3956D46DE8}") = "04_test", "04_test", "{CBD37A13-EDC6-4FF7-84FE-4092AC989274}"
EndProject
Project("{9A19103F-16F7-4668-BE54-9A1E7A4F7556}") = "WebHost", "01_modules\WebHost\WebHost.csproj", "{191E3934-B4A0-4B29-996B-31C3279806FA}"
EndProject
Project("{2150E333-8FDC-42A3-9474-1A3956D46DE8}") = "00_Host", "00_Host", "{C5CB15BC-E262-4B71-81E8-C8DDA43A563B}"
EndProject
Project("{2150E333-8FDC-42A3-9474-1A3956D46DE8}") = "01_Utils", "01_Utils", "{0CC34093-5DAD-455C-9E23-57D8F9B16896}"
EndProject
Project("{2150E333-8FDC-42A3-9474-1A3956D46DE8}") = "02_Data", "02_Data", "{B50FB836-8006-469F-82F4-AA280D9E6739}"
EndProject
Project("{2150E333-8FDC-42A3-9474-1A3956D46DE8}") = "03_Module", "03_Module", "{241F0AEA-E33B-46DC-8509-AFF8B70C4AF0}"
EndProject
Project("{2150E333-8FDC-42A3-9474-1A3956D46DE8}") = "04_Auth", "04_Auth", "{2FF2744E-AE4F-4B46-8A5E-B76DC4E48556}"
EndProject
Project("{2150E333-8FDC-42A3-9474-1A3956D46DE8}") = "05_Cache", "05_Cache", "{FE2386C8-FFCB-423D-BDF3-B8D21BFD0983}"
EndProject
Project("{2150E333-8FDC-42A3-9474-1A3956D46DE8}") = "06_Mapper", "06_Mapper", "{485BC22F-723A-4134-B78A-9043BB50C3F3}"
EndProject
Project("{2150E333-8FDC-42A3-9474-1A3956D46DE8}") = "07_Excel", "07_Excel", "{199ECD5A-EE27-4541-A4A0-BF8C4DB7BD1F}"
EndProject
Project("{9A19103F-16F7-4668-BE54-9A1E7A4F7556}") = "Host.Web", "02_src\00_Host\Host.Web\Host.Web.csproj", "{00373AE6-5F1B-42D9-8882-C0C8990F9393}"
EndProject
Project("{9A19103F-16F7-4668-BE54-9A1E7A4F7556}") = "Utils", "02_src\01_Utils\Utils\Utils.csproj", "{3754B647-1408-4F5C-904A-510BA6B48C6B}"
EndProject
Project("{9A19103F-16F7-4668-BE54-9A1E7A4F7556}") = "Utils.Web", "02_src\01_Utils\Utils.Web\Utils.Web.csproj", "{76F57C8F-6D6F-4AC2-A095-277C6DD83DAB}"
EndProject
Project("{9A19103F-16F7-4668-BE54-9A1E7A4F7556}") = "Data.Abstractions", "02_src\02_Data\Data.Abstractions\Data.Abstractions.csproj", "{3F1BCE01-38C5-4DD5-A7E8-F0E1CB7BD87B}"
EndProject
Project("{9A19103F-16F7-4668-BE54-9A1E7A4F7556}") = "Data.Core", "02_src\02_Data\Data.Core\Data.Core.csproj", "{641BFEEB-A243-4552-8A8E-0ABEA98C8492}"
EndProject
Project("{9A19103F-16F7-4668-BE54-9A1E7A4F7556}") = "Module.Abstractions", "02_src\03_Module\Module.Abstractions\Module.Abstractions.csproj", "{9F19F5F5-8163-4C0A-8F70-8E8126FC432A}"
EndProject
Project("{9A19103F-16F7-4668-BE54-9A1E7A4F7556}") = "Module.Web", "02_src\03_Module\Module.Web\Module.Web.csproj", "{30D62858-94E8-470B-BAAF-139BF84C58C0}"
EndProject
Project("{9A19103F-16F7-4668-BE54-9A1E7A4F7556}") = "Auth.Abstractions", "02_src\04_Auth\Auth.Abstractions\Auth.Abstractions.csproj", "{8DDC825B-757C-4E36-811D-49439695C52D}"
EndProject
Project("{9A19103F-16F7-4668-BE54-9A1E7A4F7556}") = "Auth.Core", "02_src\04_Auth\Auth.Core\Auth.Core.csproj", "{509A488C-88BC-407F-A4F2-BA6A505288C5}"
EndProject
Project("{9A19103F-16F7-4668-BE54-9A1E7A4F7556}") = "Auth.Jwt", "02_src\04_Auth\Auth.Jwt\Auth.Jwt.csproj", "{7FEC513A-991F-47FD-978A-724EE639E123}"
EndProject
Project("{9A19103F-16F7-4668-BE54-9A1E7A4F7556}") = "Cache.Memory", "02_src\05_Cache\Cache.Memory\Cache.Memory.csproj", "{4A68687A-D770-41AC-B268-FD49A17BEAF8}"
EndProject
Project("{9A19103F-16F7-4668-BE54-9A1E7A4F7556}") = "Cache.Redis", "02_src\05_Cache\Cache.Redis\Cache.Redis.csproj", "{59FE4D3C-4E72-4B3F-80FF-949256108EF9}"
EndProject
Project("{9A19103F-16F7-4668-BE54-9A1E7A4F7556}") = "Excel.Aspose", "02_src\07_Excel\Excel.Aspose\Excel.Aspose.csproj", "{C3FD3958-1C1D-4B8E-B8FC-E942CAA768B5}"
EndProject
Project("{9A19103F-16F7-4668-BE54-9A1E7A4F7556}") = "IdentityServer", "03_server\IdentityServer\IdentityServer.csproj", "{3B8A0D9E-67E5-4185-98C6-DED679D81342}"
EndProject
Project("{2150E333-8FDC-42A3-9474-1A3956D46DE8}") = "01_Utils", "01_Utils", "{C5228C5C-2060-42D5-8517-C3293D6A89D7}"
EndProject
Project("{9A19103F-16F7-4668-BE54-9A1E7A4F7556}") = "Utils.Test", "04_test\01_Utils\Utils.Test\Utils.Test.csproj", "{0AFB3656-FEEF-4599-9C30-81CA169AB647}"
EndProject
Project("{FAE04EC0-301F-11D3-BF4B-00C04F79EFBC}") = "Mapper", "02_src\06_Mapper\Mapper\Mapper.csproj", "{7A8C4931-5807-4B48-9FFB-C7E3A87249B1}"
EndProject
Project("{FAE04EC0-301F-11D3-BF4B-00C04F79EFBC}") = "Module.Core", "02_src\03_Module\Module.Core\Module.Core.csproj", "{B837AB39-4560-4B77-9D47-71166DF9EA19}"
EndProject
Global
	GlobalSection(SolutionConfigurationPlatforms) = preSolution
		Debug|Any CPU = Debug|Any CPU
		Release|Any CPU = Release|Any CPU
	EndGlobalSection
	GlobalSection(ProjectConfigurationPlatforms) = postSolution
		{191E3934-B4A0-4B29-996B-31C3279806FA}.Debug|Any CPU.ActiveCfg = Debug|Any CPU
		{191E3934-B4A0-4B29-996B-31C3279806FA}.Debug|Any CPU.Build.0 = Debug|Any CPU
		{191E3934-B4A0-4B29-996B-31C3279806FA}.Release|Any CPU.ActiveCfg = Release|Any CPU
		{191E3934-B4A0-4B29-996B-31C3279806FA}.Release|Any CPU.Build.0 = Release|Any CPU
		{00373AE6-5F1B-42D9-8882-C0C8990F9393}.Debug|Any CPU.ActiveCfg = Debug|Any CPU
		{00373AE6-5F1B-42D9-8882-C0C8990F9393}.Debug|Any CPU.Build.0 = Debug|Any CPU
		{00373AE6-5F1B-42D9-8882-C0C8990F9393}.Release|Any CPU.ActiveCfg = Release|Any CPU
		{00373AE6-5F1B-42D9-8882-C0C8990F9393}.Release|Any CPU.Build.0 = Release|Any CPU
		{3754B647-1408-4F5C-904A-510BA6B48C6B}.Debug|Any CPU.ActiveCfg = Debug|Any CPU
		{3754B647-1408-4F5C-904A-510BA6B48C6B}.Debug|Any CPU.Build.0 = Debug|Any CPU
		{3754B647-1408-4F5C-904A-510BA6B48C6B}.Release|Any CPU.ActiveCfg = Release|Any CPU
		{3754B647-1408-4F5C-904A-510BA6B48C6B}.Release|Any CPU.Build.0 = Release|Any CPU
		{76F57C8F-6D6F-4AC2-A095-277C6DD83DAB}.Debug|Any CPU.ActiveCfg = Debug|Any CPU
		{76F57C8F-6D6F-4AC2-A095-277C6DD83DAB}.Debug|Any CPU.Build.0 = Debug|Any CPU
		{76F57C8F-6D6F-4AC2-A095-277C6DD83DAB}.Release|Any CPU.ActiveCfg = Release|Any CPU
		{76F57C8F-6D6F-4AC2-A095-277C6DD83DAB}.Release|Any CPU.Build.0 = Release|Any CPU
		{3F1BCE01-38C5-4DD5-A7E8-F0E1CB7BD87B}.Debug|Any CPU.ActiveCfg = Debug|Any CPU
		{3F1BCE01-38C5-4DD5-A7E8-F0E1CB7BD87B}.Debug|Any CPU.Build.0 = Debug|Any CPU
		{3F1BCE01-38C5-4DD5-A7E8-F0E1CB7BD87B}.Release|Any CPU.ActiveCfg = Release|Any CPU
		{3F1BCE01-38C5-4DD5-A7E8-F0E1CB7BD87B}.Release|Any CPU.Build.0 = Release|Any CPU
		{641BFEEB-A243-4552-8A8E-0ABEA98C8492}.Debug|Any CPU.ActiveCfg = Debug|Any CPU
		{641BFEEB-A243-4552-8A8E-0ABEA98C8492}.Debug|Any CPU.Build.0 = Debug|Any CPU
		{641BFEEB-A243-4552-8A8E-0ABEA98C8492}.Release|Any CPU.ActiveCfg = Release|Any CPU
		{641BFEEB-A243-4552-8A8E-0ABEA98C8492}.Release|Any CPU.Build.0 = Release|Any CPU
		{9F19F5F5-8163-4C0A-8F70-8E8126FC432A}.Debug|Any CPU.ActiveCfg = Debug|Any CPU
		{9F19F5F5-8163-4C0A-8F70-8E8126FC432A}.Debug|Any CPU.Build.0 = Debug|Any CPU
		{9F19F5F5-8163-4C0A-8F70-8E8126FC432A}.Release|Any CPU.ActiveCfg = Release|Any CPU
		{9F19F5F5-8163-4C0A-8F70-8E8126FC432A}.Release|Any CPU.Build.0 = Release|Any CPU
		{30D62858-94E8-470B-BAAF-139BF84C58C0}.Debug|Any CPU.ActiveCfg = Debug|Any CPU
		{30D62858-94E8-470B-BAAF-139BF84C58C0}.Debug|Any CPU.Build.0 = Debug|Any CPU
		{30D62858-94E8-470B-BAAF-139BF84C58C0}.Release|Any CPU.ActiveCfg = Release|Any CPU
		{30D62858-94E8-470B-BAAF-139BF84C58C0}.Release|Any CPU.Build.0 = Release|Any CPU
		{8DDC825B-757C-4E36-811D-49439695C52D}.Debug|Any CPU.ActiveCfg = Debug|Any CPU
		{8DDC825B-757C-4E36-811D-49439695C52D}.Debug|Any CPU.Build.0 = Debug|Any CPU
		{8DDC825B-757C-4E36-811D-49439695C52D}.Release|Any CPU.ActiveCfg = Release|Any CPU
		{8DDC825B-757C-4E36-811D-49439695C52D}.Release|Any CPU.Build.0 = Release|Any CPU
		{509A488C-88BC-407F-A4F2-BA6A505288C5}.Debug|Any CPU.ActiveCfg = Debug|Any CPU
		{509A488C-88BC-407F-A4F2-BA6A505288C5}.Debug|Any CPU.Build.0 = Debug|Any CPU
		{509A488C-88BC-407F-A4F2-BA6A505288C5}.Release|Any CPU.ActiveCfg = Release|Any CPU
		{509A488C-88BC-407F-A4F2-BA6A505288C5}.Release|Any CPU.Build.0 = Release|Any CPU
		{7FEC513A-991F-47FD-978A-724EE639E123}.Debug|Any CPU.ActiveCfg = Debug|Any CPU
		{7FEC513A-991F-47FD-978A-724EE639E123}.Debug|Any CPU.Build.0 = Debug|Any CPU
		{7FEC513A-991F-47FD-978A-724EE639E123}.Release|Any CPU.ActiveCfg = Release|Any CPU
		{7FEC513A-991F-47FD-978A-724EE639E123}.Release|Any CPU.Build.0 = Release|Any CPU
		{4A68687A-D770-41AC-B268-FD49A17BEAF8}.Debug|Any CPU.ActiveCfg = Debug|Any CPU
		{4A68687A-D770-41AC-B268-FD49A17BEAF8}.Debug|Any CPU.Build.0 = Debug|Any CPU
		{4A68687A-D770-41AC-B268-FD49A17BEAF8}.Release|Any CPU.ActiveCfg = Release|Any CPU
		{4A68687A-D770-41AC-B268-FD49A17BEAF8}.Release|Any CPU.Build.0 = Release|Any CPU
		{59FE4D3C-4E72-4B3F-80FF-949256108EF9}.Debug|Any CPU.ActiveCfg = Debug|Any CPU
		{59FE4D3C-4E72-4B3F-80FF-949256108EF9}.Debug|Any CPU.Build.0 = Debug|Any CPU
		{59FE4D3C-4E72-4B3F-80FF-949256108EF9}.Release|Any CPU.ActiveCfg = Release|Any CPU
		{59FE4D3C-4E72-4B3F-80FF-949256108EF9}.Release|Any CPU.Build.0 = Release|Any CPU
		{C3FD3958-1C1D-4B8E-B8FC-E942CAA768B5}.Debug|Any CPU.ActiveCfg = Debug|Any CPU
		{C3FD3958-1C1D-4B8E-B8FC-E942CAA768B5}.Debug|Any CPU.Build.0 = Debug|Any CPU
		{C3FD3958-1C1D-4B8E-B8FC-E942CAA768B5}.Release|Any CPU.ActiveCfg = Release|Any CPU
		{C3FD3958-1C1D-4B8E-B8FC-E942CAA768B5}.Release|Any CPU.Build.0 = Release|Any CPU
		{3B8A0D9E-67E5-4185-98C6-DED679D81342}.Debug|Any CPU.ActiveCfg = Debug|Any CPU
		{3B8A0D9E-67E5-4185-98C6-DED679D81342}.Debug|Any CPU.Build.0 = Debug|Any CPU
		{3B8A0D9E-67E5-4185-98C6-DED679D81342}.Release|Any CPU.ActiveCfg = Release|Any CPU
		{3B8A0D9E-67E5-4185-98C6-DED679D81342}.Release|Any CPU.Build.0 = Release|Any CPU
		{0AFB3656-FEEF-4599-9C30-81CA169AB647}.Debug|Any CPU.ActiveCfg = Debug|Any CPU
		{0AFB3656-FEEF-4599-9C30-81CA169AB647}.Debug|Any CPU.Build.0 = Debug|Any CPU
		{0AFB3656-FEEF-4599-9C30-81CA169AB647}.Release|Any CPU.ActiveCfg = Release|Any CPU
		{0AFB3656-FEEF-4599-9C30-81CA169AB647}.Release|Any CPU.Build.0 = Release|Any CPU
		{7A8C4931-5807-4B48-9FFB-C7E3A87249B1}.Debug|Any CPU.ActiveCfg = Debug|Any CPU
		{7A8C4931-5807-4B48-9FFB-C7E3A87249B1}.Debug|Any CPU.Build.0 = Debug|Any CPU
		{7A8C4931-5807-4B48-9FFB-C7E3A87249B1}.Release|Any CPU.ActiveCfg = Release|Any CPU
		{7A8C4931-5807-4B48-9FFB-C7E3A87249B1}.Release|Any CPU.Build.0 = Release|Any CPU
		{B837AB39-4560-4B77-9D47-71166DF9EA19}.Debug|Any CPU.ActiveCfg = Debug|Any CPU
		{B837AB39-4560-4B77-9D47-71166DF9EA19}.Debug|Any CPU.Build.0 = Debug|Any CPU
		{B837AB39-4560-4B77-9D47-71166DF9EA19}.Release|Any CPU.ActiveCfg = Release|Any CPU
		{B837AB39-4560-4B77-9D47-71166DF9EA19}.Release|Any CPU.Build.0 = Release|Any CPU
	EndGlobalSection
	GlobalSection(SolutionProperties) = preSolution
		HideSolutionNode = FALSE
	EndGlobalSection
	GlobalSection(NestedProjects) = preSolution
		{191E3934-B4A0-4B29-996B-31C3279806FA} = {F03172E7-4AF8-4500-93FC-3E7CD44F7901}
		{C5CB15BC-E262-4B71-81E8-C8DDA43A563B} = {601F2FB5-2D15-411B-91C9-4CF76743895C}
		{0CC34093-5DAD-455C-9E23-57D8F9B16896} = {601F2FB5-2D15-411B-91C9-4CF76743895C}
		{B50FB836-8006-469F-82F4-AA280D9E6739} = {601F2FB5-2D15-411B-91C9-4CF76743895C}
		{241F0AEA-E33B-46DC-8509-AFF8B70C4AF0} = {601F2FB5-2D15-411B-91C9-4CF76743895C}
		{2FF2744E-AE4F-4B46-8A5E-B76DC4E48556} = {601F2FB5-2D15-411B-91C9-4CF76743895C}
		{FE2386C8-FFCB-423D-BDF3-B8D21BFD0983} = {601F2FB5-2D15-411B-91C9-4CF76743895C}
		{485BC22F-723A-4134-B78A-9043BB50C3F3} = {601F2FB5-2D15-411B-91C9-4CF76743895C}
		{199ECD5A-EE27-4541-A4A0-BF8C4DB7BD1F} = {601F2FB5-2D15-411B-91C9-4CF76743895C}
		{00373AE6-5F1B-42D9-8882-C0C8990F9393} = {C5CB15BC-E262-4B71-81E8-C8DDA43A563B}
		{3754B647-1408-4F5C-904A-510BA6B48C6B} = {0CC34093-5DAD-455C-9E23-57D8F9B16896}
		{76F57C8F-6D6F-4AC2-A095-277C6DD83DAB} = {0CC34093-5DAD-455C-9E23-57D8F9B16896}
		{3F1BCE01-38C5-4DD5-A7E8-F0E1CB7BD87B} = {B50FB836-8006-469F-82F4-AA280D9E6739}
		{641BFEEB-A243-4552-8A8E-0ABEA98C8492} = {B50FB836-8006-469F-82F4-AA280D9E6739}
		{9F19F5F5-8163-4C0A-8F70-8E8126FC432A} = {241F0AEA-E33B-46DC-8509-AFF8B70C4AF0}
		{30D62858-94E8-470B-BAAF-139BF84C58C0} = {241F0AEA-E33B-46DC-8509-AFF8B70C4AF0}
		{8DDC825B-757C-4E36-811D-49439695C52D} = {2FF2744E-AE4F-4B46-8A5E-B76DC4E48556}
		{509A488C-88BC-407F-A4F2-BA6A505288C5} = {2FF2744E-AE4F-4B46-8A5E-B76DC4E48556}
		{7FEC513A-991F-47FD-978A-724EE639E123} = {2FF2744E-AE4F-4B46-8A5E-B76DC4E48556}
		{4A68687A-D770-41AC-B268-FD49A17BEAF8} = {FE2386C8-FFCB-423D-BDF3-B8D21BFD0983}
		{59FE4D3C-4E72-4B3F-80FF-949256108EF9} = {FE2386C8-FFCB-423D-BDF3-B8D21BFD0983}
		{C3FD3958-1C1D-4B8E-B8FC-E942CAA768B5} = {199ECD5A-EE27-4541-A4A0-BF8C4DB7BD1F}
		{3B8A0D9E-67E5-4185-98C6-DED679D81342} = {756DC693-CB85-4714-8A84-EB915E4AD630}
		{C5228C5C-2060-42D5-8517-C3293D6A89D7} = {CBD37A13-EDC6-4FF7-84FE-4092AC989274}
		{0AFB3656-FEEF-4599-9C30-81CA169AB647} = {C5228C5C-2060-42D5-8517-C3293D6A89D7}
		{7A8C4931-5807-4B48-9FFB-C7E3A87249B1} = {485BC22F-723A-4134-B78A-9043BB50C3F3}
		{B837AB39-4560-4B77-9D47-71166DF9EA19} = {241F0AEA-E33B-46DC-8509-AFF8B70C4AF0}
	EndGlobalSection
	GlobalSection(ExtensibilityGlobals) = postSolution
		SolutionGuid = {ADE985F6-4034-4705-9DB6-EE7529164752}
	EndGlobalSection
EndGlobal
